
Microsoft Visual Studio Solution File, Format Version 12.00
# Visual Studio Version 16
VisualStudioVersion = 16.0.33529.622
MinimumVisualStudioVersion = 10.0.40219.1
Project("{FAE04EC0-301F-11D3-BF4B-00C04F79EFBC}") = "test_graph_drawing", "test_graph_drawing\test_graph_drawing.csproj", "{20290D50-7D62-4182-A888-CB09D7AD1E04}"
EndProject
Global
	GlobalSection(SolutionConfigurationPlatforms) = preSolution
		Debug|Any CPU = Debug|Any CPU
		Release|Any CPU = Release|Any CPU
	EndGlobalSection
	GlobalSection(ProjectConfigurationPlatforms) = postSolution
		{20290D50-7D62-4182-A888-CB09D7AD1E04}.Debug|Any CPU.ActiveCfg = Debug|Any CPU
		{20290D50-7D62-4182-A888-CB09D7AD1E04}.Debug|Any CPU.Build.0 = Debug|Any CPU
		{20290D50-7D62-4182-A888-CB09D7AD1E04}.Release|Any CPU.ActiveCfg = Release|Any CPU
		{20290D50-7D62-4182-A888-CB09D7AD1E04}.Release|Any CPU.Build.0 = Release|Any CPU
	EndGlobalSection
	GlobalSection(SolutionProperties) = preSolution
		HideSolutionNode = FALSE
	EndGlobalSection
	GlobalSection(ExtensibilityGlobals) = postSolution
		SolutionGuid = {274490CD-DB1B-4AA7-814A-7469D0D2FB99}
	EndGlobalSection
EndGlobal
